{
  "version": 4,
  "terraform_version": "1.5.7",
  "serial": 36,
  "lineage": "9cf64ab2-dd07-8bbc-7bcf-3b33461c87e0",
  "outputs": {
    "instance_ips": {
      "value": {
        "kafka-test-1": "139.180.147.26",
        "kafka-test-2": "45.76.190.175",
        "kafka-test-3": "45.76.146.211"
      },
      "type": [
        "object",
        {
          "kafka-test-1": "string",
          "kafka-test-2": "string",
          "kafka-test-3": "string"
        }
      ]
    },
    "inventory_path": {
      "value": "./../inventories/test/hosts.yml",
      "type": "string"
    },
    "quorum_voters": {
      "value": "1@139.180.147.26:9093,2@45.76.190.175:9093,3@45.76.146.211:9093",
      "type": "string"
    }
  },
  "resources": [
    {
      "mode": "data",
      "type": "vultr_os",
      "name": "ubuntu",
      "provider": "provider[\"registry.terraform.io/vultr/vultr\"]",
      "instances": [
        {
          "schema_version": 0,
          "attributes": {
            "arch": "x64",
            "family": "ubuntu",
            "filter": [
              {
                "name": "name",
                "values": [
                  "Ubuntu 24.04 LTS x64"
                ]
              }
            ],
            "id": "2284",
            "name": "Ubuntu 24.04 LTS x64"
          },
          "sensitive_attributes": []
        }
      ]
    },
    {
      "mode": "managed",
      "type": "local_file",
      "name": "inventory",
      "provider": "provider[\"registry.terraform.io/hashicorp/local\"]",
      "instances": [
        {
          "schema_version": 0,
          "attributes": {
            "content": "---\nall:\n  children:\n    kafka:\n      hosts:\n        kafka-test-1:\n          ansible_host: 139.180.147.26\n          ansible_user: root\n          kafka_node_id: 1\n        kafka-test-2:\n          ansible_host: 45.76.190.175\n          ansible_user: root\n          kafka_node_id: 2\n        kafka-test-3:\n          ansible_host: 45.76.146.211\n          ansible_user: root\n          kafka_node_id: 3\n      vars:\n        kafka_quorum_voters: \"1@139.180.147.26:9093,2@45.76.190.175:9093,3@45.76.146.211:9093\"\n",
            "content_base64": null,
            "content_base64sha256": "mqjFCvXV/pS8ObajhxuyIpgWO2K5wWuFocZbx0WTBu0=",
            "content_base64sha512": "eRdYumee5KUpIvtFV82Wvq7TPA55060LMVdnQNGApaxDuh18mExT36lrIoM+29SmgCerSUfm1ATrXroPVpO33Q==",
            "content_md5": "37cc8f214009f2dbc4663858dcb0e7da",
            "content_sha1": "bab05c9e24cb08cfdee7e50955b6f8ef39292df6",
            "content_sha256": "9aa8c50af5d5fe94bc39b6a3871bb22298163b62b9c16b85a1c65bc7459306ed",
            "content_sha512": "791758ba679ee4a52922fb4557cd96beaed33c0e79d3ad0b31576740d180a5ac43ba1d7c984c53dfa96b22833edbd4a68027ab4947e6d404eb5eba0f5693b7dd",
            "directory_permission": "0777",
            "file_permission": "0644",
            "filename": "./../inventories/test/hosts.yml",
            "id": "bab05c9e24cb08cfdee7e50955b6f8ef39292df6",
            "sensitive_content": null,
            "source": null
          },
          "sensitive_attributes": [
            [
              {
                "type": "get_attr",
                "value": "content"
              }
            ]
          ],
          "dependencies": [
            "data.vultr_os.ubuntu",
            "vultr_instance.kafka"
          ]
        }
      ]
    },
    {
      "mode": "managed",
      "type": "vultr_instance",
      "name": "kafka",
      "provider": "provider[\"registry.terraform.io/vultr/vultr\"]",
      "instances": [
        {
          "index_key": 0,
          "schema_version": 0,
          "attributes": {
            "activation_email": false,
            "allowed_bandwidth": 1,
            "app_id": 0,
            "app_variables": null,
            "backups": "disabled",
            "backups_schedule": [],
            "date_created": "2026-01-29T07:42:37+00:00",
            "ddos_protection": false,
            "default_password": "_uZ9SG-En,grde#E",
            "disable_public_ipv4": null,
            "disk": 25,
            "enable_ipv6": null,
            "features": [],
            "firewall_group_id": "",
            "gateway_v4": "139.180.146.1",
            "hostname": "kafka-test-1",
            "id": "003df580-49cf-4c2b-9def-412ccd2130e2",
            "image_id": "",
            "internal_ip": "",
            "ipxe_chain_url": null,
            "iso_id": null,
            "kvm": "https://my.vultr.com/subs/vps/novnc/api.php?data=djJ8ZWFMZXhxaEo2YkdrTS1VZC1HbmZCRjlYcERhbjFxZS18kdX-8myIDeUHBJGDfx5oKEsiSqwRYvDn1Ur8P3azDEx6GeoZYuk6vIpyuKdlij9742F-KFc5HC-ZCnToN3UuZtlDDIX0gAY7XgFzZGqzX9-n23eWHnc2lHbKgNksqkSF8VYTQjlOxsIOm69ObJ4UmQvHAdJzjI-k48gRkYbLEV7jq8TtpQvS5oXI7egpbA",
            "label": "kafka-test-1",
            "main_ip": "139.180.147.26",
            "netmask_v4": "255.255.254.0",
            "os": "Ubuntu 24.04 LTS x64",
            "os_id": 2284,
            "plan": "vc2-1c-1gb",
            "power_status": "running",
            "ram": 1024,
            "region": "sgp",
            "reserved_ip_id": null,
            "script_id": null,
            "server_status": "ok",
            "snapshot_id": "",
            "ssh_key_ids": [
              "ed68e543-2daa-4539-82a8-847d2866b006"
            ],
            "status": "active",
            "tags": [
              "kafka",
              "test"
            ],
            "timeouts": null,
            "user_data": null,
            "user_scheme": "root",
            "v6_main_ip": "",
            "v6_network": "",
            "v6_network_size": 0,
            "vcpu_count": 1,
            "vpc2_ids": null,
            "vpc_ids": []
          },
          "sensitive_attributes": [],
          "private": "eyJlMmJmYjczMC1lY2FhLTExZTYtOGY4OC0zNDM2M2JjN2M0YzAiOnsiY3JlYXRlIjozNjAwMDAwMDAwMDAwLCJ1cGRhdGUiOjM2MDAwMDAwMDAwMDB9fQ==",
          "dependencies": [
            "data.vultr_os.ubuntu"
          ]
        },
        {
          "index_key": 1,
          "schema_version": 0,
          "attributes": {
            "activation_email": false,
            "allowed_bandwidth": 1,
            "app_id": 0,
            "app_variables": null,
            "backups": "disabled",
            "backups_schedule": [],
            "date_created": "2026-01-29T07:42:37+00:00",
            "ddos_protection": false,
            "default_password": "Wr7*@E+@2yiEX9ZB",
            "disable_public_ipv4": null,
            "disk": 25,
            "enable_ipv6": null,
            "features": [],
            "firewall_group_id": "",
            "gateway_v4": "45.76.190.1",
            "hostname": "kafka-test-2",
            "id": "9680b36a-e4b2-461a-b5a2-048539331b19",
            "image_id": "",
            "internal_ip": "",
            "ipxe_chain_url": null,
            "iso_id": null,
            "kvm": "https://my.vultr.com/subs/vps/novnc/api.php?data=djJ8N1pZMzdzSDl4bDdzenoyTGhMSU5kbE8wNk5XZGdQTlp8EWHzwZRZ3PGeCuBBhlVz6S9cfwmO1zwYDvKhgzl3JGvEI1wsAuLE40EJ8bgkfJ5WA1tKrEjzOERuoji65Ph1sX1zW7gCIk8Q_1BpIo6_uFBwje0gFdhbNBLkwu9Vre95XPmxJ_-FX_SMrRTVLkx3s25VfccEky934fwi-wlE05FOTa_sf4c5jVa_lqBSiX4",
            "label": "kafka-test-2",
            "main_ip": "45.76.190.175",
            "netmask_v4": "255.255.254.0",
            "os": "Ubuntu 24.04 LTS x64",
            "os_id": 2284,
            "plan": "vc2-1c-1gb",
            "power_status": "running",
            "ram": 1024,
            "region": "sgp",
            "reserved_ip_id": null,
            "script_id": null,
            "server_status": "ok",
            "snapshot_id": "",
            "ssh_key_ids": [
              "ed68e543-2daa-4539-82a8-847d2866b006"
            ],
            "status": "active",
            "tags": [
              "kafka",
              "test"
            ],
            "timeouts": null,
            "user_data": null,
            "user_scheme": "root",
            "v6_main_ip": "",
            "v6_network": "",
            "v6_network_size": 0,
            "vcpu_count": 1,
            "vpc2_ids": null,
            "vpc_ids": []
          },
          "sensitive_attributes": [],
          "private": "eyJlMmJmYjczMC1lY2FhLTExZTYtOGY4OC0zNDM2M2JjN2M0YzAiOnsiY3JlYXRlIjozNjAwMDAwMDAwMDAwLCJ1cGRhdGUiOjM2MDAwMDAwMDAwMDB9fQ==",
          "dependencies": [
            "data.vultr_os.ubuntu"
          ]
        },
        {
          "index_key": 2,
          "schema_version": 0,
          "attributes": {
            "activation_email": false,
            "allowed_bandwidth": 1,
            "app_id": 0,
            "app_variables": null,
            "backups": "disabled",
            "backups_schedule": [],
            "date_created": "2026-01-29T07:42:37+00:00",
            "ddos_protection": false,
            "default_password": "[c8DS5v}#=%uc)bu",
            "disable_public_ipv4": null,
            "disk": 25,
            "enable_ipv6": null,
            "features": [],
            "firewall_group_id": "",
            "gateway_v4": "45.76.146.1",
            "hostname": "kafka-test-3",
            "id": "f3f5732a-d6ee-4cf1-8cf5-438f7afb126f",
            "image_id": "",
            "internal_ip": "",
            "ipxe_chain_url": null,
            "iso_id": null,
            "kvm": "https://my.vultr.com/subs/vps/novnc/api.php?data=djJ8MnMzclhxb2Y2eEpJbTNtZFo4NzZHQlV5TE1PTVNvQ2h8TomuXzLOB1do1LwyxQta-GIuHDbcl06R6SgkOT1R4a13yuT5mbmYrjT3GC796CgzgZNhMHxCGxA1F2q32K7_2cE46gEkgqGDE8xXoP4Ov9AE11We4Jfega0RmzEPE2F8ZSHfd2cH7bQXDPd2oBrwmGb_Nd7dHM6YkvmSgJIJhRpHgsiE43_99MkO7hl5I1I",
            "label": "kafka-test-3",
            "main_ip": "45.76.146.211",
            "netmask_v4": "255.255.254.0",
            "os": "Ubuntu 24.04 LTS x64",
            "os_id": 2284,
            "plan": "vc2-1c-1gb",
            "power_status": "running",
            "ram": 1024,
            "region": "sgp",
            "reserved_ip_id": null,
            "script_id": null,
            "server_status": "ok",
            "snapshot_id": "",
            "ssh_key_ids": [
              "ed68e543-2daa-4539-82a8-847d2866b006"
            ],
            "status": "active",
            "tags": [
              "kafka",
              "test"
            ],
            "timeouts": null,
            "user_data": null,
            "user_scheme": "root",
            "v6_main_ip": "",
            "v6_network": "",
            "v6_network_size": 0,
            "vcpu_count": 1,
            "vpc2_ids": null,
            "vpc_ids": []
          },
          "sensitive_attributes": [],
          "private": "eyJlMmJmYjczMC1lY2FhLTExZTYtOGY4OC0zNDM2M2JjN2M0YzAiOnsiY3JlYXRlIjozNjAwMDAwMDAwMDAwLCJ1cGRhdGUiOjM2MDAwMDAwMDAwMDB9fQ==",
          "dependencies": [
            "data.vultr_os.ubuntu"
          ]
        }
      ]
    }
  ],
  "check_results": null
}
